// !$*UTF8*$!
{
	archiveVersion = 1;
	classes = {
	};
	objectVersion = 50;
	objects = {

/* Begin PBXBuildFile section */
		41833986170EC4845701E84B /* Pods_pock_plugin_templete.framework in Frameworks */ = {isa = PBXBuildFile; fileRef = F7AE405B990BA8AF12978B9F /* Pods_pock_plugin_templete.framework */; };
		4265576225FFA535009A2CBF /* Preferences.swift in Sources */ = {isa = PBXBuildFile; fileRef = 4265576125FFA535009A2CBF /* Preferences.swift */; };
		42A2084525F9176E003B60DE /* SampleWidget.swift in Sources */ = {isa = PBXBuildFile; fileRef = 42A2084425F9176E003B60DE /* SampleWidget.swift */; };
		42D03FCE25FF6324009CEAAB /* SampleWidgetPreferencePane.swift in Sources */ = {isa = PBXBuildFile; fileRef = 42D03FCC25FF6324009CEAAB /* SampleWidgetPreferencePane.swift */; };
		42D03FCF25FF6324009CEAAB /* SampleWidgetPreferencePane.xib in Resources */ = {isa = PBXBuildFile; fileRef = 42D03FCD25FF6324009CEAAB /* SampleWidgetPreferencePane.xib */; };
/* End PBXBuildFile section */

/* Begin PBXFileReference section */
		05E84793D72A71E6E1056383 /* Pods-pock-plugin-templete.release.xcconfig */ = {isa = PBXFileReference; includeInIndex = 1; lastKnownFileType = text.xcconfig; name = "Pods-pock-plugin-templete.release.xcconfig"; path = "Target Support Files/Pods-pock-plugin-templete/Pods-pock-plugin-templete.release.xcconfig"; sourceTree = "<group>"; };
		4265576125FFA535009A2CBF /* Preferences.swift */ = {isa = PBXFileReference; lastKnownFileType = sourcecode.swift; path = Preferences.swift; sourceTree = "<group>"; };
		42A2083825F9174F003B60DE /* pock-plugin-template.pock */ = {isa = PBXFileReference; explicitFileType = wrapper.cfbundle; includeInIndex = 0; path = "pock-plugin-template.pock"; sourceTree = BUILT_PRODUCTS_DIR; };
		42A2083B25F9174F003B60DE /* Info.plist */ = {isa = PBXFileReference; lastKnownFileType = text.plist.xml; path = Info.plist; sourceTree = "<group>"; };
		42A2084325F9176D003B60DE /* pock-plugin-template-Bridging-Header.h */ = {isa = PBXFileReference; lastKnownFileType = sourcecode.c.h; path = "pock-plugin-template-Bridging-Header.h"; sourceTree = "<group>"; };
		42A2084425F9176E003B60DE /* SampleWidget.swift */ = {isa = PBXFileReference; lastKnownFileType = sourcecode.swift; path = SampleWidget.swift; sourceTree = "<group>"; };
		42D03FCC25FF6324009CEAAB /* SampleWidgetPreferencePane.swift */ = {isa = PBXFileReference; lastKnownFileType = sourcecode.swift; path = SampleWidgetPreferencePane.swift; sourceTree = "<group>"; };
		42D03FCD25FF6324009CEAAB /* SampleWidgetPreferencePane.xib */ = {isa = PBXFileReference; lastKnownFileType = file.xib; path = SampleWidgetPreferencePane.xib; sourceTree = "<group>"; };
		5FC4F5132544DDA251016BDA /* Pods-pock-plugin-templete.debug.xcconfig */ = {isa = PBXFileReference; includeInIndex = 1; lastKnownFileType = text.xcconfig; name = "Pods-pock-plugin-templete.debug.xcconfig"; path = "Target Support Files/Pods-pock-plugin-templete/Pods-pock-plugin-templete.debug.xcconfig"; sourceTree = "<group>"; };
		F7AE405B990BA8AF12978B9F /* Pods_pock_plugin_templete.framework */ = {isa = PBXFileReference; explicitFileType = wrapper.framework; includeInIndex = 0; path = Pods_pock_plugin_templete.framework; sourceTree = BUILT_PRODUCTS_DIR; };
/* End PBXFileReference section */

/* Begin PBXFrameworksBuildPhase section */
		42A2083525F9174F003B60DE /* Frameworks */ = {
			isa = PBXFrameworksBuildPhase;
			buildActionMask = 2147483647;
			files = (
				41833986170EC4845701E84B /* Pods_pock_plugin_templete.framework in Frameworks */,
			);
			runOnlyForDeploymentPostprocessing = 0;
		};
/* End PBXFrameworksBuildPhase section */

/* Begin PBXGroup section */
		428D35FB25FF3C0300621A9C /* Preferences */ = {
			isa = PBXGroup;
			children = (
				4265576125FFA535009A2CBF /* Preferences.swift */,
				428D360425FF473400621A9C /* SamplePreferencePane */,
			);
			path = Preferences;
			sourceTree = "<group>";
		};
		428D360425FF473400621A9C /* SamplePreferencePane */ = {
			isa = PBXGroup;
			children = (
				42D03FCC25FF6324009CEAAB /* SampleWidgetPreferencePane.swift */,
				42D03FCD25FF6324009CEAAB /* SampleWidgetPreferencePane.xib */,
			);
			path = SamplePreferencePane;
			sourceTree = "<group>";
		};
		42A2082F25F9174F003B60DE = {
			isa = PBXGroup;
			children = (
				42A2083A25F9174F003B60DE /* pock-plugin-template */,
				42A2083925F9174F003B60DE /* Products */,
				8C6D4E19EAAE37EBF03812E9 /* Pods */,
				78E1CC6249DEF5084D99BBD2 /* Frameworks */,
			);
			sourceTree = "<group>";
		};
		42A2083925F9174F003B60DE /* Products */ = {
			isa = PBXGroup;
			children = (
				42A2083825F9174F003B60DE /* pock-plugin-template.pock */,
			);
			name = Products;
			sourceTree = "<group>";
		};
		42A2083A25F9174F003B60DE /* pock-plugin-template */ = {
			isa = PBXGroup;
			children = (
				42A2083B25F9174F003B60DE /* Info.plist */,
				42A2084225F91759003B60DE /* Sources */,
			);
			path = "pock-plugin-template";
			sourceTree = "<group>";
		};
		42A2084225F91759003B60DE /* Sources */ = {
			isa = PBXGroup;
			children = (
				42A2084425F9176E003B60DE /* SampleWidget.swift */,
				42A2084325F9176D003B60DE /* pock-plugin-template-Bridging-Header.h */,
				428D35FB25FF3C0300621A9C /* Preferences */,
			);
			path = Sources;
			sourceTree = "<group>";
		};
		78E1CC6249DEF5084D99BBD2 /* Frameworks */ = {
			isa = PBXGroup;
			children = (
				F7AE405B990BA8AF12978B9F /* Pods_pock_plugin_templete.framework */,
			);
			name = Frameworks;
			sourceTree = "<group>";
		};
		8C6D4E19EAAE37EBF03812E9 /* Pods */ = {
			isa = PBXGroup;
			children = (
				5FC4F5132544DDA251016BDA /* Pods-pock-plugin-templete.debug.xcconfig */,
				05E84793D72A71E6E1056383 /* Pods-pock-plugin-templete.release.xcconfig */,
			);
			path = Pods;
			sourceTree = "<group>";
		};
/* End PBXGroup section */

/* Begin PBXNativeTarget section */
		42A2083725F9174F003B60DE /* pock-plugin-template */ = {
			isa = PBXNativeTarget;
			buildConfigurationList = 42A2083E25F9174F003B60DE /* Build configuration list for PBXNativeTarget "pock-plugin-template" */;
			buildPhases = (
				7E38B12F33CB779FEF9521AF /* [CP] Check Pods Manifest.lock */,
				42A2083425F9174F003B60DE /* Sources */,
				42A2083525F9174F003B60DE /* Frameworks */,
				42A2083625F9174F003B60DE /* Resources */,
				42A2084825F917F6003B60DE /* Run SwiftLint */,
				4265576625FFAF6B009A2CBF /* ShellScript */,
			);
			buildRules = (
			);
			dependencies = (
			);
			name = "pock-plugin-template";
			productName = "pock-plugin-templete";
			productReference = 42A2083825F9174F003B60DE /* pock-plugin-template.pock */;
			productType = "com.apple.product-type.bundle";
		};
/* End PBXNativeTarget section */

/* Begin PBXProject section */
		42A2083025F9174F003B60DE /* Project object */ = {
			isa = PBXProject;
			attributes = {
				LastUpgradeCheck = 1240;
				TargetAttributes = {
					42A2083725F9174F003B60DE = {
						CreatedOnToolsVersion = 12.4;
						LastSwiftMigration = 1240;
					};
				};
			};
			buildConfigurationList = 42A2083325F9174F003B60DE /* Build configuration list for PBXProject "pock-plugin-template" */;
			compatibilityVersion = "Xcode 9.3";
			developmentRegion = en;
			hasScannedForEncodings = 0;
			knownRegions = (
				en,
				Base,
			);
			mainGroup = 42A2082F25F9174F003B60DE;
			productRefGroup = 42A2083925F9174F003B60DE /* Products */;
			projectDirPath = "";
			projectRoot = "";
			targets = (
				42A2083725F9174F003B60DE /* pock-plugin-template */,
			);
		};
/* End PBXProject section */

/* Begin PBXResourcesBuildPhase section */
		42A2083625F9174F003B60DE /* Resources */ = {
			isa = PBXResourcesBuildPhase;
			buildActionMask = 2147483647;
			files = (
				42D03FCF25FF6324009CEAAB /* SampleWidgetPreferencePane.xib in Resources */,
			);
			runOnlyForDeploymentPostprocessing = 0;
		};
/* End PBXResourcesBuildPhase section */

/* Begin PBXShellScriptBuildPhase section */
		4265576625FFAF6B009A2CBF /* ShellScript */ = {
			isa = PBXShellScriptBuildPhase;
			buildActionMask = 2147483647;
			files = (
			);
			inputFileListPaths = (
			);
			inputPaths = (
			);
			outputFileListPaths = (
			);
			outputPaths = (
			);
			runOnlyForDeploymentPostprocessing = 0;
			shellPath = /bin/sh;
			shellScript = "if [ \"${CONFIGURATION}\" == \"Debug\" ]; then\n  echo \"Copying ${PRODUCT_NAME}.pock to destination folder\"\n  cp -r $TARGET_BUILD_DIR/$PRODUCT_NAME.pock ~/Library/Application\\ Support/Pock/Widgets/\n  pid=`pgrep Pock`\n  if [ -n \"$pid\" ]; then\n    echo \"Relaunch Pock.app\"\n    /Applications/Pock.app/Contents/Resources/Relaunch \"$pid\"\n  fi\nfi\n";
		};
		42A2084825F917F6003B60DE /* Run SwiftLint */ = {
			isa = PBXShellScriptBuildPhase;
			buildActionMask = 2147483647;
			files = (
			);
			inputFileListPaths = (
			);
			inputPaths = (
			);
			name = "Run SwiftLint";
			outputFileListPaths = (
			);
			outputPaths = (
			);
			runOnlyForDeploymentPostprocessing = 0;
			shellPath = /bin/sh;
			shellScript = "if which swiftlint >/dev/null; then\n  swiftlint --fix\n  swiftlint\nelse\n  echo \"warning: SwiftLint not installed, download from https://github.com/realm/SwiftLint\"\nfi\n";
		};
		7E38B12F33CB779FEF9521AF /* [CP] Check Pods Manifest.lock */ = {
			isa = PBXShellScriptBuildPhase;
			buildActionMask = 2147483647;
			files = (
			);
			inputFileListPaths = (
			);
			inputPaths = (
				"${PODS_PODFILE_DIR_PATH}/Podfile.lock",
				"${PODS_ROOT}/Manifest.lock",
			);
			name = "[CP] Check Pods Manifest.lock";
			outputFileListPaths = (
			);
			outputPaths = (
				"$(DERIVED_FILE_DIR)/Pods-pock-plugin-templete-checkManifestLockResult.txt",
			);
			runOnlyForDeploymentPostprocessing = 0;
			shellPath = /bin/sh;
			shellScript = "diff \"${PODS_PODFILE_DIR_PATH}/Podfile.lock\" \"${PODS_ROOT}/Manifest.lock\" > /dev/null\nif [ $? != 0 ] ; then\n    # print error to STDERR\n    echo \"error: The sandbox is not in sync with the Podfile.lock. Run 'pod install' or update your CocoaPods installation.\" >&2\n    exit 1\nfi\n# This output is used by Xcode 'outputs' to avoid re-running this script phase.\necho \"SUCCESS\" > \"${SCRIPT_OUTPUT_FILE_0}\"\n";
			showEnvVarsInLog = 0;
		};
/* End PBXShellScriptBuildPhase section */

/* Begin PBXSourcesBuildPhase section */
		42A2083425F9174F003B60DE /* Sources */ = {
			isa = PBXSourcesBuildPhase;
			buildActionMask = 2147483647;
			files = (
				42D03FCE25FF6324009CEAAB /* SampleWidgetPreferencePane.swift in Sources */,
				42A2084525F9176E003B60DE /* SampleWidget.swift in Sources */,
				4265576225FFA535009A2CBF /* Preferences.swift in Sources */,
			);
			runOnlyForDeploymentPostprocessing = 0;
		};
/* End PBXSourcesBuildPhase section */

/* Begin XCBuildConfiguration section */
		42A2083C25F9174F003B60DE /* Debug */ = {
			isa = XCBuildConfiguration;
			buildSettings = {
				ALWAYS_SEARCH_USER_PATHS = NO;
				CLANG_ANALYZER_NONNULL = YES;
				CLANG_ANALYZER_NUMBER_OBJECT_CONVERSION = YES_AGGRESSIVE;
				CLANG_CXX_LANGUAGE_STANDARD = "gnu++14";
				CLANG_CXX_LIBRARY = "libc++";
				CLANG_ENABLE_MODULES = YES;
				CLANG_ENABLE_OBJC_ARC = YES;
				CLANG_ENABLE_OBJC_WEAK = YES;
				CLANG_WARN_BLOCK_CAPTURE_AUTORELEASING = YES;
				CLANG_WARN_BOOL_CONVERSION = YES;
				CLANG_WARN_COMMA = YES;
				CLANG_WARN_CONSTANT_CONVERSION = YES;
				CLANG_WARN_DEPRECATED_OBJC_IMPLEMENTATIONS = YES;
				CLANG_WARN_DIRECT_OBJC_ISA_USAGE = YES_ERROR;
				CLANG_WARN_DOCUMENTATION_COMMENTS = YES;
				CLANG_WARN_EMPTY_BODY = YES;
				CLANG_WARN_ENUM_CONVERSION = YES;
				CLANG_WARN_INFINITE_RECURSION = YES;
				CLANG_WARN_INT_CONVERSION = YES;
				CLANG_WARN_NON_LITERAL_NULL_CONVERSION = YES;
				CLANG_WARN_OBJC_IMPLICIT_RETAIN_SELF = YES;
				CLANG_WARN_OBJC_LITERAL_CONVERSION = YES;
				CLANG_WARN_OBJC_ROOT_CLASS = YES_ERROR;
				CLANG_WARN_QUOTED_INCLUDE_IN_FRAMEWORK_HEADER = YES;
				CLANG_WARN_RANGE_LOOP_ANALYSIS = YES;
				CLANG_WARN_STRICT_PROTOTYPES = YES;
				CLANG_WARN_SUSPICIOUS_MOVE = YES;
				CLANG_WARN_UNGUARDED_AVAILABILITY = YES_AGGRESSIVE;
				CLANG_WARN_UNREACHABLE_CODE = YES;
				CLANG_WARN__DUPLICATE_METHOD_MATCH = YES;
				COPY_PHASE_STRIP = NO;
				DEBUG_INFORMATION_FORMAT = dwarf;
				ENABLE_STRICT_OBJC_MSGSEND = YES;
				ENABLE_TESTABILITY = YES;
				GCC_C_LANGUAGE_STANDARD = gnu11;
				GCC_DYNAMIC_NO_PIC = NO;
				GCC_NO_COMMON_BLOCKS = YES;
				GCC_OPTIMIZATION_LEVEL = 0;
				GCC_PREPROCESSOR_DEFINITIONS = (
					"DEBUG=1",
					"$(inherited)",
				);
				GCC_WARN_64_TO_32_BIT_CONVERSION = YES;
				GCC_WARN_ABOUT_RETURN_TYPE = YES_ERROR;
				GCC_WARN_UNDECLARED_SELECTOR = YES;
				GCC_WARN_UNINITIALIZED_AUTOS = YES_AGGRESSIVE;
				GCC_WARN_UNUSED_FUNCTION = YES;
				GCC_WARN_UNUSED_VARIABLE = YES;
				MACOSX_DEPLOYMENT_TARGET = 11.1;
				MTL_ENABLE_DEBUG_INFO = INCLUDE_SOURCE;
				MTL_FAST_MATH = YES;
				ONLY_ACTIVE_ARCH = YES;
				SDKROOT = macosx;
			};
			name = Debug;
		};
		42A2083D25F9174F003B60DE /* Release */ = {
			isa = XCBuildConfiguration;
			buildSettings = {
				ALWAYS_SEARCH_USER_PATHS = NO;
				CLANG_ANALYZER_NONNULL = YES;
				CLANG_ANALYZER_NUMBER_OBJECT_CONVERSION = YES_AGGRESSIVE;
				CLANG_CXX_LANGUAGE_STANDARD = "gnu++14";
				CLANG_CXX_LIBRARY = "libc++";
				CLANG_ENABLE_MODULES = YES;
				CLANG_ENABLE_OBJC_ARC = YES;
				CLANG_ENABLE_OBJC_WEAK = YES;
				CLANG_WARN_BLOCK_CAPTURE_AUTORELEASING = YES;
				CLANG_WARN_BOOL_CONVERSION = YES;
				CLANG_WARN_COMMA = YES;
				CLANG_WARN_CONSTANT_CONVERSION = YES;
				CLANG_WARN_DEPRECATED_OBJC_IMPLEMENTATIONS = YES;
				CLANG_WARN_DIRECT_OBJC_ISA_USAGE = YES_ERROR;
				CLANG_WARN_DOCUMENTATION_COMMENTS = YES;
				CLANG_WARN_EMPTY_BODY = YES;
				CLANG_WARN_ENUM_CONVERSION = YES;
				CLANG_WARN_INFINITE_RECURSION = YES;
				CLANG_WARN_INT_CONVERSION = YES;
				CLANG_WARN_NON_LITERAL_NULL_CONVERSION = YES;
				CLANG_WARN_OBJC_IMPLICIT_RETAIN_SELF = YES;
				CLANG_WARN_OBJC_LITERAL_CONVERSION = YES;
				CLANG_WARN_OBJC_ROOT_CLASS = YES_ERROR;
				CLANG_WARN_QUOTED_INCLUDE_IN_FRAMEWORK_HEADER = YES;
				CLANG_WARN_RANGE_LOOP_ANALYSIS = YES;
				CLANG_WARN_STRICT_PROTOTYPES = YES;
				CLANG_WARN_SUSPICIOUS_MOVE = YES;
				CLANG_WARN_UNGUARDED_AVAILABILITY = YES_AGGRESSIVE;
				CLANG_WARN_UNREACHABLE_CODE = YES;
				CLANG_WARN__DUPLICATE_METHOD_MATCH = YES;
				COPY_PHASE_STRIP = NO;
				DEBUG_INFORMATION_FORMAT = "dwarf-with-dsym";
				ENABLE_NS_ASSERTIONS = NO;
				ENABLE_STRICT_OBJC_MSGSEND = YES;
				GCC_C_LANGUAGE_STANDARD = gnu11;
				GCC_NO_COMMON_BLOCKS = YES;
				GCC_WARN_64_TO_32_BIT_CONVERSION = YES;
				GCC_WARN_ABOUT_RETURN_TYPE = YES_ERROR;
				GCC_WARN_UNDECLARED_SELECTOR = YES;
				GCC_WARN_UNINITIALIZED_AUTOS = YES_AGGRESSIVE;
				GCC_WARN_UNUSED_FUNCTION = YES;
				GCC_WARN_UNUSED_VARIABLE = YES;
				MACOSX_DEPLOYMENT_TARGET = 11.1;
				MTL_ENABLE_DEBUG_INFO = NO;
				MTL_FAST_MATH = YES;
				SDKROOT = macosx;
			};
			name = Release;
		};
		42A2083F25F9174F003B60DE /* Debug */ = {
			isa = XCBuildConfiguration;
			baseConfigurationReference = 5FC4F5132544DDA251016BDA /* Pods-pock-plugin-templete.debug.xcconfig */;
			buildSettings = {
				CLANG_ENABLE_MODULES = YES;
				CODE_SIGN_STYLE = Automatic;
				COMBINE_HIDPI_IMAGES = YES;
				DEVELOPMENT_TEAM = "";
				INFOPLIST_FILE = "pock-plugin-template/Info.plist";
				INSTALL_PATH = "$(LOCAL_LIBRARY_DIR)/Bundles";
				LD_RUNPATH_SEARCH_PATHS = (
					"$(inherited)",
					"@executable_path/../Frameworks",
					"@loader_path/../Frameworks",
				);
				PRODUCT_BUNDLE_IDENTIFIER = "com.yourname.pock-plugin-template";
				PRODUCT_NAME = "$(TARGET_NAME)";
				SKIP_INSTALL = YES;
				SWIFT_OBJC_BRIDGING_HEADER = "pock-plugin-template/Sources/pock-plugin-template-Bridging-Header.h";
				SWIFT_OPTIMIZATION_LEVEL = "-Onone";
				SWIFT_VERSION = 5.0;
				WRAPPER_EXTENSION = pock;
			};
			name = Debug;
		};
		42A2084025F9174F003B60DE /* Release */ = {
			isa = XCBuildConfiguration;
			baseConfigurationReference = 05E84793D72A71E6E1056383 /* Pods-pock-plugin-templete.release.xcconfig */;
			buildSettings = {
				CLANG_ENABLE_MODULES = YES;
				CODE_SIGN_STYLE = Automatic;
				COMBINE_HIDPI_IMAGES = YES;
				DEVELOPMENT_TEAM = "";
				INFOPLIST_FILE = "pock-plugin-template/Info.plist";
				INSTALL_PATH = "$(LOCAL_LIBRARY_DIR)/Bundles";
				LD_RUNPATH_SEARCH_PATHS = (
					"$(inherited)",
					"@executable_path/../Frameworks",
					"@loader_path/../Frameworks",
				);
				PRODUCT_BUNDLE_IDENTIFIER = "com.yourname.pock-plugin-template";
				PRODUCT_NAME = "$(TARGET_NAME)";
				SKIP_INSTALL = YES;
				SWIFT_OBJC_BRIDGING_HEADER = "pock-plugin-template/Sources/pock-plugin-template-Bridging-Header.h";
				SWIFT_VERSION = 5.0;
				WRAPPER_EXTENSION = pock;
			};
			name = Release;
		};
/* End XCBuildConfiguration section */

/* Begin XCConfigurationList section */
		42A2083325F9174F003B60DE /* Build configuration list for PBXProject "pock-plugin-template" */ = {
			isa = XCConfigurationList;
			buildConfigurations = (
				42A2083C25F9174F003B60DE /* Debug */,
				42A2083D25F9174F003B60DE /* Release */,
			);
			defaultConfigurationIsVisible = 0;
			defaultConfigurationName = Release;
		};
		42A2083E25F9174F003B60DE /* Build configuration list for PBXNativeTarget "pock-plugin-template" */ = {
			isa = XCConfigurationList;
			buildConfigurations = (
				42A2083F25F9174F003B60DE /* Debug */,
				42A2084025F9174F003B60DE /* Release */,
			);
			defaultConfigurationIsVisible = 0;
			defaultConfigurationName = Release;
		};
/* End XCConfigurationList section */
	};
	rootObject = 42A2083025F9174F003B60DE /* Project object */;
}
